{
    "name": "smokey_bedrock",
    "version": "1.0.0",
    "lockfileVersion": 2,
    "requires": true,
    "packages": {
        "": {
            "name": "smokey_bedrock",
            "version": "1.0.0",
            "license": "ISC",
            "dependencies": {
                "@minecraft/server": "^1.7.0-beta.1.20.40-preview.23",
                "typescript": "^4.9.5"
            }
        },
        "node_modules/@minecraft/common": {
            "version": "1.0.0-rc.1.20.40-preview.23",
            "resolved": "https://registry.npmjs.org/@minecraft/common/-/common-1.0.0-rc.1.20.40-preview.23.tgz",
            "integrity": "sha512-zwrPrZrBLMlrE0ELrM1eQ9oWIlSpSJvtoZ9/we2vbDO5tdPLcflUVax031uqpQdHvUO9cxU20WgvoVnuu+uh5w=="
        },
        "node_modules/@minecraft/server": {
            "version": "1.7.0-beta.1.20.40-preview.23",
            "resolved": "https://registry.npmjs.org/@minecraft/server/-/server-1.7.0-beta.1.20.40-preview.23.tgz",
            "integrity": "sha512-0XdhAyoDUycFux1TFV/L9DhRr77aT9IvI/y/2mTGFiSOM9OZ4GVgdPpTkVTZw3nciCuTL9miQrKOxJ8ma7xF3Q==",
            "dependencies": {
                "@minecraft/common": "^1.0.0-rc.1.20.40-preview.23"
            }
        },
        "node_modules/typescript": {
            "version": "4.9.5",
            "resolved": "https://registry.npmjs.org/typescript/-/typescript-4.9.5.tgz",
            "integrity": "sha512-1FXk9E2Hm+QzZQ7z+McJiHL4NW1F2EzMu9Nq9i3zAaGqibafqYwCVU6WyWAuyQRRzOlxou8xZSyXLEN8oKj24g==",
            "bin": {
                "tsc": "bin/tsc",
                "tsserver": "bin/tsserver"
            },
            "engines": {
                "node": ">=4.2.0"
            }
        }
    },
    "dependencies": {
        "@minecraft/common": {
            "version": "1.0.0-rc.1.20.40-preview.23",
            "resolved": "https://registry.npmjs.org/@minecraft/common/-/common-1.0.0-rc.1.20.40-preview.23.tgz",
            "integrity": "sha512-zwrPrZrBLMlrE0ELrM1eQ9oWIlSpSJvtoZ9/we2vbDO5tdPLcflUVax031uqpQdHvUO9cxU20WgvoVnuu+uh5w=="
        },
        "@minecraft/server": {
            "version": "1.7.0-beta.1.20.40-preview.23",
            "resolved": "https://registry.npmjs.org/@minecraft/server/-/server-1.7.0-beta.1.20.40-preview.23.tgz",
            "integrity": "sha512-0XdhAyoDUycFux1TFV/L9DhRr77aT9IvI/y/2mTGFiSOM9OZ4GVgdPpTkVTZw3nciCuTL9miQrKOxJ8ma7xF3Q==",
            "requires": {
                "@minecraft/common": "^1.0.0-rc.1.20.40-preview.23"
            }
        },
        "typescript": {
            "version": "4.9.5",
            "resolved": "https://registry.npmjs.org/typescript/-/typescript-4.9.5.tgz",
            "integrity": "sha512-1FXk9E2Hm+QzZQ7z+McJiHL4NW1F2EzMu9Nq9i3zAaGqibafqYwCVU6WyWAuyQRRzOlxou8xZSyXLEN8oKj24g=="
        }
    }
}
